// !$*UTF8*$!
{
	archiveVersion = 1;
	classes = {
	};
	objectVersion = 46;
	objects = {

/* Begin PBXBuildFile section */
		236CE13419B0B0FA00B1E85A /* AppDelegate.swift in Sources */ = {isa = PBXBuildFile; fileRef = 236CE13319B0B0FA00B1E85A /* AppDelegate.swift */; };
		236CE13619B0B0FA00B1E85A /* ViewController.swift in Sources */ = {isa = PBXBuildFile; fileRef = 236CE13519B0B0FA00B1E85A /* ViewController.swift */; };
		236CE13919B0B0FA00B1E85A /* Main.storyboard in Resources */ = {isa = PBXBuildFile; fileRef = 236CE13719B0B0FA00B1E85A /* Main.storyboard */; };
		236CE13B19B0B0FA00B1E85A /* Images.xcassets in Resources */ = {isa = PBXBuildFile; fileRef = 236CE13A19B0B0FA00B1E85A /* Images.xcassets */; };
		236CE14719B0B0FA00B1E85A /* BeautyGalleryTests.swift in Sources */ = {isa = PBXBuildFile; fileRef = 236CE14619B0B0FA00B1E85A /* BeautyGalleryTests.swift */; };
		236CE15119B0B31900B1E85A /* GalleryViewController.swift in Sources */ = {isa = PBXBuildFile; fileRef = 236CE15019B0B31900B1E85A /* GalleryViewController.swift */; };
		236CE15319B0B50900B1E85A /* ViewControllerExtension.swift in Sources */ = {isa = PBXBuildFile; fileRef = 236CE15219B0B50900B1E85A /* ViewControllerExtension.swift */; };
/* End PBXBuildFile section */

/* Begin PBXContainerItemProxy section */
		236CE14119B0B0FA00B1E85A /* PBXContainerItemProxy */ = {
			isa = PBXContainerItemProxy;
			containerPortal = 236CE12619B0B0F900B1E85A /* Project object */;
			proxyType = 1;
			remoteGlobalIDString = 236CE12D19B0B0F900B1E85A;
			remoteInfo = BeautyGallery;
		};
/* End PBXContainerItemProxy section */

/* Begin PBXFileReference section */
		236CE12E19B0B0FA00B1E85A /* BeautyGallery.app */ = {isa = PBXFileReference; explicitFileType = wrapper.application; includeInIndex = 0; path = BeautyGallery.app; sourceTree = BUILT_PRODUCTS_DIR; };
		236CE13219B0B0FA00B1E85A /* Info.plist */ = {isa = PBXFileReference; lastKnownFileType = text.plist.xml; path = Info.plist; sourceTree = "<group>"; };
		236CE13319B0B0FA00B1E85A /* AppDelegate.swift */ = {isa = PBXFileReference; lastKnownFileType = sourcecode.swift; path = AppDelegate.swift; sourceTree = "<group>"; };
		236CE13519B0B0FA00B1E85A /* ViewController.swift */ = {isa = PBXFileReference; lastKnownFileType = sourcecode.swift; path = ViewController.swift; sourceTree = "<group>"; };
		236CE13819B0B0FA00B1E85A /* Base */ = {isa = PBXFileReference; lastKnownFileType = file.storyboard; name = Base; path = Base.lproj/Main.storyboard; sourceTree = "<group>"; };
		236CE13A19B0B0FA00B1E85A /* Images.xcassets */ = {isa = PBXFileReference; lastKnownFileType = folder.assetcatalog; path = Images.xcassets; sourceTree = "<group>"; };
		236CE14019B0B0FA00B1E85A /* BeautyGalleryTests.xctest */ = {isa = PBXFileReference; explicitFileType = wrapper.cfbundle; includeInIndex = 0; path = BeautyGalleryTests.xctest; sourceTree = BUILT_PRODUCTS_DIR; };
		236CE14519B0B0FA00B1E85A /* Info.plist */ = {isa = PBXFileReference; lastKnownFileType = text.plist.xml; path = Info.plist; sourceTree = "<group>"; };
		236CE14619B0B0FA00B1E85A /* BeautyGalleryTests.swift */ = {isa = PBXFileReference; lastKnownFileType = sourcecode.swift; path = BeautyGalleryTests.swift; sourceTree = "<group>"; };
		236CE15019B0B31900B1E85A /* GalleryViewController.swift */ = {isa = PBXFileReference; fileEncoding = 4; lastKnownFileType = sourcecode.swift; path = GalleryViewController.swift; sourceTree = "<group>"; };
		236CE15219B0B50900B1E85A /* ViewControllerExtension.swift */ = {isa = PBXFileReference; fileEncoding = 4; lastKnownFileType = sourcecode.swift; path = ViewControllerExtension.swift; sourceTree = "<group>"; };
/* End PBXFileReference section */

/* Begin PBXFrameworksBuildPhase section */
		236CE12B19B0B0F900B1E85A /* Frameworks */ = {
			isa = PBXFrameworksBuildPhase;
			buildActionMask = 2147483647;
			files = (
			);
			runOnlyForDeploymentPostprocessing = 0;
		};
		236CE13D19B0B0FA00B1E85A /* Frameworks */ = {
			isa = PBXFrameworksBuildPhase;
			buildActionMask = 2147483647;
			files = (
			);
			runOnlyForDeploymentPostprocessing = 0;
		};
/* End PBXFrameworksBuildPhase section */

/* Begin PBXGroup section */
		236CE12519B0B0F900B1E85A = {
			isa = PBXGroup;
			children = (
				236CE13019B0B0FA00B1E85A /* BeautyGallery */,
				236CE14319B0B0FA00B1E85A /* BeautyGalleryTests */,
				236CE12F19B0B0FA00B1E85A /* Products */,
			);
			sourceTree = "<group>";
		};
		236CE12F19B0B0FA00B1E85A /* Products */ = {
			isa = PBXGroup;
			children = (
				236CE12E19B0B0FA00B1E85A /* BeautyGallery.app */,
				236CE14019B0B0FA00B1E85A /* BeautyGalleryTests.xctest */,
			);
			name = Products;
			sourceTree = "<group>";
		};
		236CE13019B0B0FA00B1E85A /* BeautyGallery */ = {
			isa = PBXGroup;
			children = (
				236CE13319B0B0FA00B1E85A /* AppDelegate.swift */,
				236CE13519B0B0FA00B1E85A /* ViewController.swift */,
				236CE15219B0B50900B1E85A /* ViewControllerExtension.swift */,
				236CE15019B0B31900B1E85A /* GalleryViewController.swift */,
				236CE13719B0B0FA00B1E85A /* Main.storyboard */,
				236CE13A19B0B0FA00B1E85A /* Images.xcassets */,
				236CE13119B0B0FA00B1E85A /* Supporting Files */,
			);
			path = BeautyGallery;
			sourceTree = "<group>";
		};
		236CE13119B0B0FA00B1E85A /* Supporting Files */ = {
			isa = PBXGroup;
			children = (
				236CE13219B0B0FA00B1E85A /* Info.plist */,
			);
			name = "Supporting Files";
			sourceTree = "<group>";
		};
		236CE14319B0B0FA00B1E85A /* BeautyGalleryTests */ = {
			isa = PBXGroup;
			children = (
				236CE14619B0B0FA00B1E85A /* BeautyGalleryTests.swift */,
				236CE14419B0B0FA00B1E85A /* Supporting Files */,
			);
			path = BeautyGalleryTests;
			sourceTree = "<group>";
		};
		236CE14419B0B0FA00B1E85A /* Supporting Files */ = {
			isa = PBXGroup;
			children = (
				236CE14519B0B0FA00B1E85A /* Info.plist */,
			);
			name = "Supporting Files";
			sourceTree = "<group>";
		};
/* End PBXGroup section */

/* Begin PBXNativeTarget section */
		236CE12D19B0B0F900B1E85A /* BeautyGallery */ = {
			isa = PBXNativeTarget;
			buildConfigurationList = 236CE14A19B0B0FA00B1E85A /* Build configuration list for PBXNativeTarget "BeautyGallery" */;
			buildPhases = (
				236CE12A19B0B0F900B1E85A /* Sources */,
				236CE12B19B0B0F900B1E85A /* Frameworks */,
				236CE12C19B0B0F900B1E85A /* Resources */,
			);
			buildRules = (
			);
			dependencies = (
			);
			name = BeautyGallery;
			productName = BeautyGallery;
			productReference = 236CE12E19B0B0FA00B1E85A /* BeautyGallery.app */;
			productType = "com.apple.product-type.application";
		};
		236CE13F19B0B0FA00B1E85A /* BeautyGalleryTests */ = {
			isa = PBXNativeTarget;
			buildConfigurationList = 236CE14D19B0B0FA00B1E85A /* Build configuration list for PBXNativeTarget "BeautyGalleryTests" */;
			buildPhases = (
				236CE13C19B0B0FA00B1E85A /* Sources */,
				236CE13D19B0B0FA00B1E85A /* Frameworks */,
				236CE13E19B0B0FA00B1E85A /* Resources */,
			);
			buildRules = (
			);
			dependencies = (
				236CE14219B0B0FA00B1E85A /* PBXTargetDependency */,
			);
			name = BeautyGalleryTests;
			productName = BeautyGalleryTests;
			productReference = 236CE14019B0B0FA00B1E85A /* BeautyGalleryTests.xctest */;
			productType = "com.apple.product-type.bundle.unit-test";
		};
/* End PBXNativeTarget section */

/* Begin PBXProject section */
		236CE12619B0B0F900B1E85A /* Project object */ = {
			isa = PBXProject;
			attributes = {
				LastUpgradeCheck = 0600;
				ORGANIZATIONNAME = rushjet;
				TargetAttributes = {
					236CE12D19B0B0F900B1E85A = {
						CreatedOnToolsVersion = 6.0;
					};
					236CE13F19B0B0FA00B1E85A = {
						CreatedOnToolsVersion = 6.0;
						TestTargetID = 236CE12D19B0B0F900B1E85A;
					};
				};
			};
			buildConfigurationList = 236CE12919B0B0F900B1E85A /* Build configuration list for PBXProject "BeautyGallery" */;
			compatibilityVersion = "Xcode 3.2";
			developmentRegion = English;
			hasScannedForEncodings = 0;
			knownRegions = (
				en,
				Base,
			);
			mainGroup = 236CE12519B0B0F900B1E85A;
			productRefGroup = 236CE12F19B0B0FA00B1E85A /* Products */;
			projectDirPath = "";
			projectRoot = "";
			targets = (
				236CE12D19B0B0F900B1E85A /* BeautyGallery */,
				236CE13F19B0B0FA00B1E85A /* BeautyGalleryTests */,
			);
		};
/* End PBXProject section */

/* Begin PBXResourcesBuildPhase section */
		236CE12C19B0B0F900B1E85A /* Resources */ = {
			isa = PBXResourcesBuildPhase;
			buildActionMask = 2147483647;
			files = (
				236CE13919B0B0FA00B1E85A /* Main.storyboard in Resources */,
				236CE13B19B0B0FA00B1E85A /* Images.xcassets in Resources */,
			);
			runOnlyForDeploymentPostprocessing = 0;
		};
		236CE13E19B0B0FA00B1E85A /* Resources */ = {
			isa = PBXResourcesBuildPhase;
			buildActionMask = 2147483647;
			files = (
			);
			runOnlyForDeploymentPostprocessing = 0;
		};
/* End PBXResourcesBuildPhase section */

/* Begin PBXSourcesBuildPhase section */
		236CE12A19B0B0F900B1E85A /* Sources */ = {
			isa = PBXSourcesBuildPhase;
			buildActionMask = 2147483647;
			files = (
				236CE15319B0B50900B1E85A /* ViewControllerExtension.swift in Sources */,
				236CE15119B0B31900B1E85A /* GalleryViewController.swift in Sources */,
				236CE13619B0B0FA00B1E85A /* ViewController.swift in Sources */,
				236CE13419B0B0FA00B1E85A /* AppDelegate.swift in Sources */,
			);
			runOnlyForDeploymentPostprocessing = 0;
		};
		236CE13C19B0B0FA00B1E85A /* Sources */ = {
			isa = PBXSourcesBuildPhase;
			buildActionMask = 2147483647;
			files = (
				236CE14719B0B0FA00B1E85A /* BeautyGalleryTests.swift in Sources */,
			);
			runOnlyForDeploymentPostprocessing = 0;
		};
/* End PBXSourcesBuildPhase section */

/* Begin PBXTargetDependency section */
		236CE14219B0B0FA00B1E85A /* PBXTargetDependency */ = {
			isa = PBXTargetDependency;
			target = 236CE12D19B0B0F900B1E85A /* BeautyGallery */;
			targetProxy = 236CE14119B0B0FA00B1E85A /* PBXContainerItemProxy */;
		};
/* End PBXTargetDependency section */

/* Begin PBXVariantGroup section */
		236CE13719B0B0FA00B1E85A /* Main.storyboard */ = {
			isa = PBXVariantGroup;
			children = (
				236CE13819B0B0FA00B1E85A /* Base */,
			);
			name = Main.storyboard;
			sourceTree = "<group>";
		};
/* End PBXVariantGroup section */

/* Begin XCBuildConfiguration section */
		236CE14819B0B0FA00B1E85A /* Debug */ = {
			isa = XCBuildConfiguration;
			buildSettings = {
				ALWAYS_SEARCH_USER_PATHS = NO;
				CLANG_CXX_LANGUAGE_STANDARD = "gnu++0x";
				CLANG_CXX_LIBRARY = "libc++";
				CLANG_ENABLE_MODULES = YES;
				CLANG_ENABLE_OBJC_ARC = YES;
				CLANG_WARN_BOOL_CONVERSION = YES;
				CLANG_WARN_CONSTANT_CONVERSION = YES;
				CLANG_WARN_DIRECT_OBJC_ISA_USAGE = YES_ERROR;
				CLANG_WARN_EMPTY_BODY = YES;
				CLANG_WARN_ENUM_CONVERSION = YES;
				CLANG_WARN_INT_CONVERSION = YES;
				CLANG_WARN_OBJC_ROOT_CLASS = YES_ERROR;
				CLANG_WARN_UNREACHABLE_CODE = YES;
				CLANG_WARN__DUPLICATE_METHOD_MATCH = YES;
				"CODE_SIGN_IDENTITY[sdk=iphoneos*]" = "iPhone Developer";
				COPY_PHASE_STRIP = NO;
				ENABLE_STRICT_OBJC_MSGSEND = YES;
				GCC_C_LANGUAGE_STANDARD = gnu99;
				GCC_DYNAMIC_NO_PIC = NO;
				GCC_OPTIMIZATION_LEVEL = 0;
				GCC_PREPROCESSOR_DEFINITIONS = (
					"DEBUG=1",
					"$(inherited)",
				);
				GCC_SYMBOLS_PRIVATE_EXTERN = NO;
				GCC_WARN_64_TO_32_BIT_CONVERSION = YES;
				GCC_WARN_ABOUT_RETURN_TYPE = YES_ERROR;
				GCC_WARN_UNDECLARED_SELECTOR = YES;
				GCC_WARN_UNINITIALIZED_AUTOS = YES_AGGRESSIVE;
				GCC_WARN_UNUSED_FUNCTION = YES;
				GCC_WARN_UNUSED_VARIABLE = YES;
				IPHONEOS_DEPLOYMENT_TARGET = 8.0;
				MTL_ENABLE_DEBUG_INFO = YES;
				ONLY_ACTIVE_ARCH = YES;
				SDKROOT = iphoneos;
				SWIFT_OPTIMIZATION_LEVEL = "-Onone";
			};
			name = Debug;
		};
		236CE14919B0B0FA00B1E85A /* Release */ = {
			isa = XCBuildConfiguration;
			buildSettings = {
				ALWAYS_SEARCH_USER_PATHS = NO;
				CLANG_CXX_LANGUAGE_STANDARD = "gnu++0x";
				CLANG_CXX_LIBRARY = "libc++";
				CLANG_ENABLE_MODULES = YES;
				CLANG_ENABLE_OBJC_ARC = YES;
				CLANG_WARN_BOOL_CONVERSION = YES;
				CLANG_WARN_CONSTANT_CONVERSION = YES;
				CLANG_WARN_DIRECT_OBJC_ISA_USAGE = YES_ERROR;
				CLANG_WARN_EMPTY_BODY = YES;
				CLANG_WARN_ENUM_CONVERSION = YES;
				CLANG_WARN_INT_CONVERSION = YES;
				CLANG_WARN_OBJC_ROOT_CLASS = YES_ERROR;
				CLANG_WARN_UNREACHABLE_CODE = YES;
				CLANG_WARN__DUPLICATE_METHOD_MATCH = YES;
				"CODE_SIGN_IDENTITY[sdk=iphoneos*]" = "iPhone Developer";
				COPY_PHASE_STRIP = YES;
				ENABLE_NS_ASSERTIONS = NO;
				ENABLE_STRICT_OBJC_MSGSEND = YES;
				GCC_C_LANGUAGE_STANDARD = gnu99;
				GCC_WARN_64_TO_32_BIT_CONVERSION = YES;
				GCC_WARN_ABOUT_RETURN_TYPE = YES_ERROR;
				GCC_WARN_UNDECLARED_SELECTOR = YES;
				GCC_WARN_UNINITIALIZED_AUTOS = YES_AGGRESSIVE;
				GCC_WARN_UNUSED_FUNCTION = YES;
				GCC_WARN_UNUSED_VARIABLE = YES;
				IPHONEOS_DEPLOYMENT_TARGET = 8.0;
				MTL_ENABLE_DEBUG_INFO = NO;
				SDKROOT = iphoneos;
				VALIDATE_PRODUCT = YES;
			};
			name = Release;
		};
		236CE14B19B0B0FA00B1E85A /* Debug */ = {
			isa = XCBuildConfiguration;
			buildSettings = {
				ASSETCATALOG_COMPILER_APPICON_NAME = AppIcon;
				ASSETCATALOG_COMPILER_LAUNCHIMAGE_NAME = LaunchImage;
				INFOPLIST_FILE = BeautyGallery/Info.plist;
				LD_RUNPATH_SEARCH_PATHS = "$(inherited) @executable_path/Frameworks";
				PRODUCT_NAME = "$(TARGET_NAME)";
			};
			name = Debug;
		};
		236CE14C19B0B0FA00B1E85A /* Release */ = {
			isa = XCBuildConfiguration;
			buildSettings = {
				ASSETCATALOG_COMPILER_APPICON_NAME = AppIcon;
				ASSETCATALOG_COMPILER_LAUNCHIMAGE_NAME = LaunchImage;
				INFOPLIST_FILE = BeautyGallery/Info.plist;
				LD_RUNPATH_SEARCH_PATHS = "$(inherited) @executable_path/Frameworks";
				PRODUCT_NAME = "$(TARGET_NAME)";
			};
			name = Release;
		};
		236CE14E19B0B0FA00B1E85A /* Debug */ = {
			isa = XCBuildConfiguration;
			buildSettings = {
				BUNDLE_LOADER = "$(TEST_HOST)";
				FRAMEWORK_SEARCH_PATHS = (
					"$(SDKROOT)/Developer/Library/Frameworks",
					"$(inherited)",
				);
				GCC_PREPROCESSOR_DEFINITIONS = (
					"DEBUG=1",
					"$(inherited)",
				);
				INFOPLIST_FILE = BeautyGalleryTests/Info.plist;
				LD_RUNPATH_SEARCH_PATHS = "$(inherited) @executable_path/Frameworks @loader_path/Frameworks";
				PRODUCT_NAME = "$(TARGET_NAME)";
				TEST_HOST = "$(BUILT_PRODUCTS_DIR)/BeautyGallery.app/BeautyGallery";
			};
			name = Debug;
		};
		236CE14F19B0B0FA00B1E85A /* Release */ = {
			isa = XCBuildConfiguration;
			buildSettings = {
				BUNDLE_LOADER = "$(TEST_HOST)";
				FRAMEWORK_SEARCH_PATHS = (
					"$(SDKROOT)/Developer/Library/Frameworks",
					"$(inherited)",
				);
				INFOPLIST_FILE = BeautyGalleryTests/Info.plist;
				LD_RUNPATH_SEARCH_PATHS = "$(inherited) @executable_path/Frameworks @loader_path/Frameworks";
				PRODUCT_NAME = "$(TARGET_NAME)";
				TEST_HOST = "$(BUILT_PRODUCTS_DIR)/BeautyGallery.app/BeautyGallery";
			};
			name = Release;
		};
/* End XCBuildConfiguration section */

/* Begin XCConfigurationList section */
		236CE12919B0B0F900B1E85A /* Build configuration list for PBXProject "BeautyGallery" */ = {
			isa = XCConfigurationList;
			buildConfigurations = (
				236CE14819B0B0FA00B1E85A /* Debug */,
				236CE14919B0B0FA00B1E85A /* Release */,
			);
			defaultConfigurationIsVisible = 0;
			defaultConfigurationName = Release;
		};
		236CE14A19B0B0FA00B1E85A /* Build configuration list for PBXNativeTarget "BeautyGallery" */ = {
			isa = XCConfigurationList;
			buildConfigurations = (
				236CE14B19B0B0FA00B1E85A /* Debug */,
				236CE14C19B0B0FA00B1E85A /* Release */,
			);
			defaultConfigurationIsVisible = 0;
		};
		236CE14D19B0B0FA00B1E85A /* Build configuration list for PBXNativeTarget "BeautyGalleryTests" */ = {
			isa = XCConfigurationList;
			buildConfigurations = (
				236CE14E19B0B0FA00B1E85A /* Debug */,
				236CE14F19B0B0FA00B1E85A /* Release */,
			);
			defaultConfigurationIsVisible = 0;
		};
/* End XCConfigurationList section */
	};
	rootObject = 236CE12619B0B0F900B1E85A /* Project object */;
}
